
Microsoft Visual Studio Solution File, Format Version 12.00
# Visual Studio Version 17
VisualStudioVersion = 17.1.32210.238
MinimumVisualStudioVersion = 10.0.40219.1
Project("{FAE04EC0-301F-11D3-BF4B-00C04F79EFBC}") = "Ucll.OOD.Validations", "Ucll.OOD.Validations\Ucll.OOD.Validations.csproj", "{2674F81D-5B47-4295-9B1D-6A5B201CD8D4}"
EndProject
Global
	GlobalSection(SolutionConfigurationPlatforms) = preSolution
		Debug|Any CPU = Debug|Any CPU
		Release|Any CPU = Release|Any CPU
	EndGlobalSection
	GlobalSection(ProjectConfigurationPlatforms) = postSolution
		{2674F81D-5B47-4295-9B1D-6A5B201CD8D4}.Debug|Any CPU.ActiveCfg = Debug|Any CPU
		{2674F81D-5B47-4295-9B1D-6A5B201CD8D4}.Debug|Any CPU.Build.0 = Debug|Any CPU
		{2674F81D-5B47-4295-9B1D-6A5B201CD8D4}.Release|Any CPU.ActiveCfg = Release|Any CPU
		{2674F81D-5B47-4295-9B1D-6A5B201CD8D4}.Release|Any CPU.Build.0 = Release|Any CPU
	EndGlobalSection
	GlobalSection(SolutionProperties) = preSolution
		HideSolutionNode = FALSE
	EndGlobalSection
	GlobalSection(ExtensibilityGlobals) = postSolution
		SolutionGuid = {51BB1580-7306-4FCB-8B7E-0BA16E1AF20B}
	EndGlobalSection
EndGlobal
