
Microsoft Visual Studio Solution File, Format Version 12.00
# Visual Studio Version 17
VisualStudioVersion = 17.1.32210.238
MinimumVisualStudioVersion = 10.0.40219.1
Project("{9A19103F-16F7-4668-BE54-9A1E7A4F7556}") = "UnitTesting", "Ucll.OOD.UnitTesting\UnitTesting.csproj", "{6234A186-7268-49AB-A26A-E29674A8DB4C}"
EndProject
Project("{9A19103F-16F7-4668-BE54-9A1E7A4F7556}") = "UnitTestingTests", "Ucll.OOD.UnitTestingTests\UnitTestingTests.csproj", "{717C7630-2669-4326-8DB4-A4B3BDB1CADE}"
EndProject
Global
	GlobalSection(SolutionConfigurationPlatforms) = preSolution
		Debug|Any CPU = Debug|Any CPU
		Release|Any CPU = Release|Any CPU
	EndGlobalSection
	GlobalSection(ProjectConfigurationPlatforms) = postSolution
		{6234A186-7268-49AB-A26A-E29674A8DB4C}.Debug|Any CPU.ActiveCfg = Debug|Any CPU
		{6234A186-7268-49AB-A26A-E29674A8DB4C}.Debug|Any CPU.Build.0 = Debug|Any CPU
		{6234A186-7268-49AB-A26A-E29674A8DB4C}.Release|Any CPU.ActiveCfg = Release|Any CPU
		{6234A186-7268-49AB-A26A-E29674A8DB4C}.Release|Any CPU.Build.0 = Release|Any CPU
		{717C7630-2669-4326-8DB4-A4B3BDB1CADE}.Debug|Any CPU.ActiveCfg = Debug|Any CPU
		{717C7630-2669-4326-8DB4-A4B3BDB1CADE}.Debug|Any CPU.Build.0 = Debug|Any CPU
		{717C7630-2669-4326-8DB4-A4B3BDB1CADE}.Release|Any CPU.ActiveCfg = Release|Any CPU
		{717C7630-2669-4326-8DB4-A4B3BDB1CADE}.Release|Any CPU.Build.0 = Release|Any CPU
	EndGlobalSection
	GlobalSection(SolutionProperties) = preSolution
		HideSolutionNode = FALSE
	EndGlobalSection
	GlobalSection(ExtensibilityGlobals) = postSolution
		SolutionGuid = {0407C41B-F25E-4FFD-9D02-2A5FACC8FDB2}
	EndGlobalSection
EndGlobal
