
Microsoft Visual Studio Solution File, Format Version 12.00
# Visual Studio Version 17
VisualStudioVersion = 17.1.32210.238
MinimumVisualStudioVersion = 10.0.40219.1
Project("{FAE04EC0-301F-11D3-BF4B-00C04F79EFBC}") = "ViewModel", "Ucll.OOD.ViewModel\ViewModel.csproj", "{BBD9D775-0CDE-4912-975B-E2CE0CC18D83}"
EndProject
Global
	GlobalSection(SolutionConfigurationPlatforms) = preSolution
		Debug|Any CPU = Debug|Any CPU
		Release|Any CPU = Release|Any CPU
	EndGlobalSection
	GlobalSection(ProjectConfigurationPlatforms) = postSolution
		{BBD9D775-0CDE-4912-975B-E2CE0CC18D83}.Debug|Any CPU.ActiveCfg = Debug|Any CPU
		{BBD9D775-0CDE-4912-975B-E2CE0CC18D83}.Debug|Any CPU.Build.0 = Debug|Any CPU
		{BBD9D775-0CDE-4912-975B-E2CE0CC18D83}.Release|Any CPU.ActiveCfg = Release|Any CPU
		{BBD9D775-0CDE-4912-975B-E2CE0CC18D83}.Release|Any CPU.Build.0 = Release|Any CPU
	EndGlobalSection
	GlobalSection(SolutionProperties) = preSolution
		HideSolutionNode = FALSE
	EndGlobalSection
	GlobalSection(ExtensibilityGlobals) = postSolution
		SolutionGuid = {0196D4A2-503B-4E03-9E4E-8147AB535087}
	EndGlobalSection
EndGlobal
